
Microsoft Visual Studio Solution File, Format Version 12.00
# Visual Studio Version 16
VisualStudioVersion = 16.0.29905.134
MinimumVisualStudioVersion = 10.0.40219.1
Project("{9A19103F-16F7-4668-BE54-9A1E7A4F7556}") = "LibVLCSharp.WinForms.Sample", "LibVLCSharp.WinForms.Sample.csproj", "{EEEC374F-8E08-45C1-9A8A-ADE92AEA8DC7}"
EndProject
Global
	GlobalSection(SolutionConfigurationPlatforms) = preSolution
		Debug|Any CPU = Debug|Any CPU
		Release|Any CPU = Release|Any CPU
	EndGlobalSection
	GlobalSection(ProjectConfigurationPlatforms) = postSolution
		{EEEC374F-8E08-45C1-9A8A-ADE92AEA8DC7}.Debug|Any CPU.ActiveCfg = Debug|Any CPU
		{EEEC374F-8E08-45C1-9A8A-ADE92AEA8DC7}.Debug|Any CPU.Build.0 = Debug|Any CPU
		{EEEC374F-8E08-45C1-9A8A-ADE92AEA8DC7}.Release|Any CPU.ActiveCfg = Release|Any CPU
		{EEEC374F-8E08-45C1-9A8A-ADE92AEA8DC7}.Release|Any CPU.Build.0 = Release|Any CPU
	EndGlobalSection
	GlobalSection(SolutionProperties) = preSolution
		HideSolutionNode = FALSE
	EndGlobalSection
	GlobalSection(ExtensibilityGlobals) = postSolution
		SolutionGuid = {CBD5990C-D781-4F1F-B2FA-B46F94E929F3}
	EndGlobalSection
EndGlobal
